PODS:
  - Alamofire (5.2.2)
  - Instructions (2.3.0)
  - IQKeyboardManagerSwift (7.0.1)
  - Kingfisher (4.10.1)
  - MarqueeLabel (4.0.5)
  - NotificationBannerSwift (3.0.6):
    - MarqueeLabel (~> 4.0.5)
    - SnapKit (~> 5.0.1)
  - PDFGenerator (3.1.0)
  - PromiseKit (6.13.1):
    - PromiseKit/CorePromise (= 6.13.1)
    - PromiseKit/Foundation (= 6.13.1)
    - PromiseKit/UIKit (= 6.13.1)
  - PromiseKit/CorePromise (6.13.1)
  - PromiseKit/Foundation (6.13.1):
    - PromiseKit/CorePromise
  - PromiseKit/UIKit (6.13.1):
    - PromiseKit/CorePromise
  - SDWebImage (5.19.0):
    - SDWebImage/Core (= 5.19.0)
  - SDWebImage/Core (5.19.0)
  - SnapKit (5.0.1)

DEPENDENCIES:
  - Alamofire (~> 5.2.1)
  - Instructions (~> 2.3.0)
  - IQKeyboardManagerSwift
  - Kingfisher (~> 4.10.1)
  - NotificationBannerSwift (~> 3.0.0)
  - PDFGenerator (~> 3.1)
  - PromiseKit (~> 6.13.1)
  - SDWebImage

SPEC REPOS:
  trunk:
    - Alamofire
    - Instructions
    - IQKeyboardManagerSwift
    - Kingfisher
    - MarqueeLabel
    - NotificationBannerSwift
    - PDFGenerator
    - PromiseKit
    - SDWebImage
    - SnapKit

SPEC CHECKSUMS:
  Alamofire: 814429acc853c6c54ff123fc3d2ef66803823ce0
  Instructions: 3aac22d036495ba4c40e00747e0a275da40ce53d
  IQKeyboardManagerSwift: 7f6b1b1d1497855d2beea7f2f10ffcc6978525b1
  Kingfisher: c148cd7b47ebde9989f6bc7c27dcaa79d81279a0
  MarqueeLabel: 00cc0bcd087111dca575878b3531af980559707d
  NotificationBannerSwift: 7021be2338f8f29cf424b0aca43da462bf9e2a1a
  PDFGenerator: 17d6bc525db0a3fcd156fbf00f9d1b8d5cc75d1e
  PromiseKit: 28fda91c973cc377875d8c0ea4f973013c05b6db
  SDWebImage: 981fd7e860af070920f249fd092420006014c3eb
  SnapKit: 97b92857e3df3a0c71833cce143274bf6ef8e5eb

PODFILE CHECKSUM: fa5500d9439e043e6d68a56f0f6fdb0c0c98eb63

COCOAPODS: 1.15.2
